
Microsoft Visual Studio Solution File, Format Version 12.00
# Visual Studio Version 16
VisualStudioVersion = 16.0.29409.12
MinimumVisualStudioVersion = 10.0.40219.1
Project("{FAE04EC0-301F-11D3-BF4B-00C04F79EFBC}") = "Herança", "Herança\Herança.csproj", "{51111B5F-DF99-4368-B1C3-FC668E350A43}"
EndProject
Global
	GlobalSection(SolutionConfigurationPlatforms) = preSolution
		Debug|Any CPU = Debug|Any CPU
		Release|Any CPU = Release|Any CPU
	EndGlobalSection
	GlobalSection(ProjectConfigurationPlatforms) = postSolution
		{51111B5F-DF99-4368-B1C3-FC668E350A43}.Debug|Any CPU.ActiveCfg = Debug|Any CPU
		{51111B5F-DF99-4368-B1C3-FC668E350A43}.Debug|Any CPU.Build.0 = Debug|Any CPU
		{51111B5F-DF99-4368-B1C3-FC668E350A43}.Release|Any CPU.ActiveCfg = Release|Any CPU
		{51111B5F-DF99-4368-B1C3-FC668E350A43}.Release|Any CPU.Build.0 = Release|Any CPU
	EndGlobalSection
	GlobalSection(SolutionProperties) = preSolution
		HideSolutionNode = FALSE
	EndGlobalSection
	GlobalSection(ExtensibilityGlobals) = postSolution
		SolutionGuid = {4F142584-77F3-4C9F-B26C-99540E6C4E62}
	EndGlobalSection
EndGlobal
