
Microsoft Visual Studio Solution File, Format Version 12.00
# Visual Studio Version 16
VisualStudioVersion = 16.0.29409.12
MinimumVisualStudioVersion = 10.0.40219.1
Project("{FAE04EC0-301F-11D3-BF4B-00C04F79EFBC}") = "Course", "Course\Course.csproj", "{90014B68-5CC8-4059-83E2-2851503F7836}"
EndProject
Global
	GlobalSection(SolutionConfigurationPlatforms) = preSolution
		Debug|Any CPU = Debug|Any CPU
		Release|Any CPU = Release|Any CPU
	EndGlobalSection
	GlobalSection(ProjectConfigurationPlatforms) = postSolution
		{90014B68-5CC8-4059-83E2-2851503F7836}.Debug|Any CPU.ActiveCfg = Debug|Any CPU
		{90014B68-5CC8-4059-83E2-2851503F7836}.Debug|Any CPU.Build.0 = Debug|Any CPU
		{90014B68-5CC8-4059-83E2-2851503F7836}.Release|Any CPU.ActiveCfg = Release|Any CPU
		{90014B68-5CC8-4059-83E2-2851503F7836}.Release|Any CPU.Build.0 = Release|Any CPU
	EndGlobalSection
	GlobalSection(SolutionProperties) = preSolution
		HideSolutionNode = FALSE
	EndGlobalSection
	GlobalSection(ExtensibilityGlobals) = postSolution
		SolutionGuid = {87287624-EB69-4E72-8DA9-49D94DD43279}
	EndGlobalSection
EndGlobal
